
Microsoft Visual Studio Solution File, Format Version 12.00
# Visual Studio Version 17
VisualStudioVersion = 17.6.33815.320
MinimumVisualStudioVersion = 10.0.40219.1
Project("{FAE04EC0-301F-11D3-BF4B-00C04F79EFBC}") = "Presentation", "Presentation\Presentation.csproj", "{40B1044E-50AC-4E6A-BFE3-71EF14069975}"
EndProject
Project("{FAE04EC0-301F-11D3-BF4B-00C04F79EFBC}") = "Utils", "Utils\Utils.csproj", "{A4D62A61-49D0-4DBF-9358-63C57610ED30}"
EndProject
Project("{FAE04EC0-301F-11D3-BF4B-00C04F79EFBC}") = "Business", "Business\Business.csproj", "{1C8C993F-B091-4E50-A44D-E5273DA45BD2}"
EndProject
Global
	GlobalSection(SolutionConfigurationPlatforms) = preSolution
		Debug|Any CPU = Debug|Any CPU
		Release|Any CPU = Release|Any CPU
	EndGlobalSection
	GlobalSection(ProjectConfigurationPlatforms) = postSolution
		{40B1044E-50AC-4E6A-BFE3-71EF14069975}.Debug|Any CPU.ActiveCfg = Debug|Any CPU
		{40B1044E-50AC-4E6A-BFE3-71EF14069975}.Debug|Any CPU.Build.0 = Debug|Any CPU
		{40B1044E-50AC-4E6A-BFE3-71EF14069975}.Release|Any CPU.ActiveCfg = Release|Any CPU
		{40B1044E-50AC-4E6A-BFE3-71EF14069975}.Release|Any CPU.Build.0 = Release|Any CPU
		{A4D62A61-49D0-4DBF-9358-63C57610ED30}.Debug|Any CPU.ActiveCfg = Debug|Any CPU
		{A4D62A61-49D0-4DBF-9358-63C57610ED30}.Debug|Any CPU.Build.0 = Debug|Any CPU
		{A4D62A61-49D0-4DBF-9358-63C57610ED30}.Release|Any CPU.ActiveCfg = Release|Any CPU
		{A4D62A61-49D0-4DBF-9358-63C57610ED30}.Release|Any CPU.Build.0 = Release|Any CPU
		{1C8C993F-B091-4E50-A44D-E5273DA45BD2}.Debug|Any CPU.ActiveCfg = Debug|Any CPU
		{1C8C993F-B091-4E50-A44D-E5273DA45BD2}.Debug|Any CPU.Build.0 = Debug|Any CPU
		{1C8C993F-B091-4E50-A44D-E5273DA45BD2}.Release|Any CPU.ActiveCfg = Release|Any CPU
		{1C8C993F-B091-4E50-A44D-E5273DA45BD2}.Release|Any CPU.Build.0 = Release|Any CPU
	EndGlobalSection
	GlobalSection(SolutionProperties) = preSolution
		HideSolutionNode = FALSE
	EndGlobalSection
	GlobalSection(ExtensibilityGlobals) = postSolution
		SolutionGuid = {C0A9600F-BCA9-40E7-A92E-40650FCC3B2C}
	EndGlobalSection
EndGlobal
